
Microsoft Visual Studio Solution File, Format Version 12.00
Project("{FAE04EC0-301F-11D3-BF4B-00C04F79EFBC}") = "Typewriter", "Typewriter\Typewriter.csproj", "{51F0B8D2-297F-4586-B312-FC198AE5585C}"
EndProject
Global
	GlobalSection(SolutionConfigurationPlatforms) = preSolution
		Debug|Any CPU = Debug|Any CPU
		Release|Any CPU = Release|Any CPU
	EndGlobalSection
	GlobalSection(ProjectConfigurationPlatforms) = postSolution
		{51F0B8D2-297F-4586-B312-FC198AE5585C}.Debug|Any CPU.ActiveCfg = Debug|Any CPU
		{51F0B8D2-297F-4586-B312-FC198AE5585C}.Debug|Any CPU.Build.0 = Debug|Any CPU
		{51F0B8D2-297F-4586-B312-FC198AE5585C}.Release|Any CPU.ActiveCfg = Release|Any CPU
		{51F0B8D2-297F-4586-B312-FC198AE5585C}.Release|Any CPU.Build.0 = Release|Any CPU
	EndGlobalSection
EndGlobal
